// !$*UTF8*$!
{
	archiveVersion = 1;
	classes = {
	};
	objectVersion = 50;
	objects = {

/* Begin PBXBuildFile section */
		AC462EAB21A7F3610002E430 /* AppDelegate.swift in Sources */ = {isa = PBXBuildFile; fileRef = AC462EAA21A7F3610002E430 /* AppDelegate.swift */; };
		AC462EAD21A7F3610002E430 /* ViewController.swift in Sources */ = {isa = PBXBuildFile; fileRef = AC462EAC21A7F3610002E430 /* ViewController.swift */; };
		AC462EB021A7F3610002E430 /* Main.storyboard in Resources */ = {isa = PBXBuildFile; fileRef = AC462EAE21A7F3610002E430 /* Main.storyboard */; };
		AC462EB221A7F3630002E430 /* Assets.xcassets in Resources */ = {isa = PBXBuildFile; fileRef = AC462EB121A7F3630002E430 /* Assets.xcassets */; };
		AC462EB521A7F3630002E430 /* LaunchScreen.storyboard in Resources */ = {isa = PBXBuildFile; fileRef = AC462EB321A7F3630002E430 /* LaunchScreen.storyboard */; };
		AC462EC021A7F3630002E430 /* articleTests.swift in Sources */ = {isa = PBXBuildFile; fileRef = AC462EBF21A7F3630002E430 /* articleTests.swift */; };
		AC462ECB21A7F3630002E430 /* articleUITests.swift in Sources */ = {isa = PBXBuildFile; fileRef = AC462ECA21A7F3630002E430 /* articleUITests.swift */; };
		AC462ED921A7FF240002E430 /* Unknown.jpeg in Resources */ = {isa = PBXBuildFile; fileRef = AC462ED821A7FF240002E430 /* Unknown.jpeg */; };
		AC462EDB21A825A40002E430 /* promo-ferrari-488-spider.jpg in Resources */ = {isa = PBXBuildFile; fileRef = AC462EDA21A825A40002E430 /* promo-ferrari-488-spider.jpg */; };
		AC462EDF21A8266F0002E430 /* Unknown.jpeg in Resources */ = {isa = PBXBuildFile; fileRef = AC462EDE21A8266F0002E430 /* Unknown.jpeg */; };
		AC462EE121A826870002E430 /* promo-ferrari-488-spider.jpg in Resources */ = {isa = PBXBuildFile; fileRef = AC462EE021A826860002E430 /* promo-ferrari-488-spider.jpg */; };
/* End PBXBuildFile section */

/* Begin PBXContainerItemProxy section */
		AC462EBC21A7F3630002E430 /* PBXContainerItemProxy */ = {
			isa = PBXContainerItemProxy;
			containerPortal = AC462E9F21A7F3610002E430 /* Project object */;
			proxyType = 1;
			remoteGlobalIDString = AC462EA621A7F3610002E430;
			remoteInfo = article;
		};
		AC462EC721A7F3630002E430 /* PBXContainerItemProxy */ = {
			isa = PBXContainerItemProxy;
			containerPortal = AC462E9F21A7F3610002E430 /* Project object */;
			proxyType = 1;
			remoteGlobalIDString = AC462EA621A7F3610002E430;
			remoteInfo = article;
		};
/* End PBXContainerItemProxy section */

/* Begin PBXFileReference section */
		AC462EA721A7F3610002E430 /* article.app */ = {isa = PBXFileReference; explicitFileType = wrapper.application; includeInIndex = 0; path = article.app; sourceTree = BUILT_PRODUCTS_DIR; };
		AC462EAA21A7F3610002E430 /* AppDelegate.swift */ = {isa = PBXFileReference; lastKnownFileType = sourcecode.swift; path = AppDelegate.swift; sourceTree = "<group>"; };
		AC462EAC21A7F3610002E430 /* ViewController.swift */ = {isa = PBXFileReference; lastKnownFileType = sourcecode.swift; path = ViewController.swift; sourceTree = "<group>"; };
		AC462EAF21A7F3610002E430 /* Base */ = {isa = PBXFileReference; lastKnownFileType = file.storyboard; name = Base; path = Base.lproj/Main.storyboard; sourceTree = "<group>"; };
		AC462EB121A7F3630002E430 /* Assets.xcassets */ = {isa = PBXFileReference; lastKnownFileType = folder.assetcatalog; path = Assets.xcassets; sourceTree = "<group>"; };
		AC462EB421A7F3630002E430 /* Base */ = {isa = PBXFileReference; lastKnownFileType = file.storyboard; name = Base; path = Base.lproj/LaunchScreen.storyboard; sourceTree = "<group>"; };
		AC462EB621A7F3630002E430 /* Info.plist */ = {isa = PBXFileReference; lastKnownFileType = text.plist.xml; path = Info.plist; sourceTree = "<group>"; };
		AC462EBB21A7F3630002E430 /* articleTests.xctest */ = {isa = PBXFileReference; explicitFileType = wrapper.cfbundle; includeInIndex = 0; path = articleTests.xctest; sourceTree = BUILT_PRODUCTS_DIR; };
		AC462EBF21A7F3630002E430 /* articleTests.swift */ = {isa = PBXFileReference; lastKnownFileType = sourcecode.swift; path = articleTests.swift; sourceTree = "<group>"; };
		AC462EC121A7F3630002E430 /* Info.plist */ = {isa = PBXFileReference; lastKnownFileType = text.plist.xml; path = Info.plist; sourceTree = "<group>"; };
		AC462EC621A7F3630002E430 /* articleUITests.xctest */ = {isa = PBXFileReference; explicitFileType = wrapper.cfbundle; includeInIndex = 0; path = articleUITests.xctest; sourceTree = BUILT_PRODUCTS_DIR; };
		AC462ECA21A7F3630002E430 /* articleUITests.swift */ = {isa = PBXFileReference; lastKnownFileType = sourcecode.swift; path = articleUITests.swift; sourceTree = "<group>"; };
		AC462ECC21A7F3630002E430 /* Info.plist */ = {isa = PBXFileReference; lastKnownFileType = text.plist.xml; path = Info.plist; sourceTree = "<group>"; };
		AC462ED821A7FF240002E430 /* Unknown.jpeg */ = {isa = PBXFileReference; lastKnownFileType = image.jpeg; name = Unknown.jpeg; path = ../../Unknown.jpeg; sourceTree = "<group>"; };
		AC462EDA21A825A40002E430 /* promo-ferrari-488-spider.jpg */ = {isa = PBXFileReference; lastKnownFileType = image.jpeg; name = "promo-ferrari-488-spider.jpg"; path = "../../promo-ferrari-488-spider.jpg"; sourceTree = "<group>"; };
		AC462EDE21A8266F0002E430 /* Unknown.jpeg */ = {isa = PBXFileReference; lastKnownFileType = image.jpeg; path = Unknown.jpeg; sourceTree = SOURCE_ROOT; };
		AC462EE021A826860002E430 /* promo-ferrari-488-spider.jpg */ = {isa = PBXFileReference; lastKnownFileType = image.jpeg; path = "promo-ferrari-488-spider.jpg"; sourceTree = SOURCE_ROOT; };
/* End PBXFileReference section */

/* Begin PBXFrameworksBuildPhase section */
		AC462EA421A7F3610002E430 /* Frameworks */ = {
			isa = PBXFrameworksBuildPhase;
			buildActionMask = 2147483647;
			files = (
			);
			runOnlyForDeploymentPostprocessing = 0;
		};
		AC462EB821A7F3630002E430 /* Frameworks */ = {
			isa = PBXFrameworksBuildPhase;
			buildActionMask = 2147483647;
			files = (
			);
			runOnlyForDeploymentPostprocessing = 0;
		};
		AC462EC321A7F3630002E430 /* Frameworks */ = {
			isa = PBXFrameworksBuildPhase;
			buildActionMask = 2147483647;
			files = (
			);
			runOnlyForDeploymentPostprocessing = 0;
		};
/* End PBXFrameworksBuildPhase section */

/* Begin PBXGroup section */
		AC462E9E21A7F3610002E430 = {
			isa = PBXGroup;
			children = (
				AC462EA921A7F3610002E430 /* article */,
				AC462EBE21A7F3630002E430 /* articleTests */,
				AC462EC921A7F3630002E430 /* articleUITests */,
				AC462EA821A7F3610002E430 /* Products */,
			);
			sourceTree = "<group>";
		};
		AC462EA821A7F3610002E430 /* Products */ = {
			isa = PBXGroup;
			children = (
				AC462EA721A7F3610002E430 /* article.app */,
				AC462EBB21A7F3630002E430 /* articleTests.xctest */,
				AC462EC621A7F3630002E430 /* articleUITests.xctest */,
			);
			name = Products;
			sourceTree = "<group>";
		};
		AC462EA921A7F3610002E430 /* article */ = {
			isa = PBXGroup;
			children = (
				AC462EAA21A7F3610002E430 /* AppDelegate.swift */,
				AC462EAC21A7F3610002E430 /* ViewController.swift */,
				AC462EAE21A7F3610002E430 /* Main.storyboard */,
				AC462EDA21A825A40002E430 /* promo-ferrari-488-spider.jpg */,
				AC462EE021A826860002E430 /* promo-ferrari-488-spider.jpg */,
				AC462ED821A7FF240002E430 /* Unknown.jpeg */,
				AC462EDE21A8266F0002E430 /* Unknown.jpeg */,
				AC462EB121A7F3630002E430 /* Assets.xcassets */,
				AC462EB321A7F3630002E430 /* LaunchScreen.storyboard */,
				AC462EB621A7F3630002E430 /* Info.plist */,
			);
			path = article;
			sourceTree = "<group>";
		};
		AC462EBE21A7F3630002E430 /* articleTests */ = {
			isa = PBXGroup;
			children = (
				AC462EBF21A7F3630002E430 /* articleTests.swift */,
				AC462EC121A7F3630002E430 /* Info.plist */,
			);
			path = articleTests;
			sourceTree = "<group>";
		};
		AC462EC921A7F3630002E430 /* articleUITests */ = {
			isa = PBXGroup;
			children = (
				AC462ECA21A7F3630002E430 /* articleUITests.swift */,
				AC462ECC21A7F3630002E430 /* Info.plist */,
			);
			path = articleUITests;
			sourceTree = "<group>";
		};
/* End PBXGroup section */

/* Begin PBXNativeTarget section */
		AC462EA621A7F3610002E430 /* article */ = {
			isa = PBXNativeTarget;
			buildConfigurationList = AC462ECF21A7F3630002E430 /* Build configuration list for PBXNativeTarget "article" */;
			buildPhases = (
				AC462EA321A7F3610002E430 /* Sources */,
				AC462EA421A7F3610002E430 /* Frameworks */,
				AC462EA521A7F3610002E430 /* Resources */,
			);
			buildRules = (
			);
			dependencies = (
			);
			name = article;
			productName = article;
			productReference = AC462EA721A7F3610002E430 /* article.app */;
			productType = "com.apple.product-type.application";
		};
		AC462EBA21A7F3630002E430 /* articleTests */ = {
			isa = PBXNativeTarget;
			buildConfigurationList = AC462ED221A7F3630002E430 /* Build configuration list for PBXNativeTarget "articleTests" */;
			buildPhases = (
				AC462EB721A7F3630002E430 /* Sources */,
				AC462EB821A7F3630002E430 /* Frameworks */,
				AC462EB921A7F3630002E430 /* Resources */,
			);
			buildRules = (
			);
			dependencies = (
				AC462EBD21A7F3630002E430 /* PBXTargetDependency */,
			);
			name = articleTests;
			productName = articleTests;
			productReference = AC462EBB21A7F3630002E430 /* articleTests.xctest */;
			productType = "com.apple.product-type.bundle.unit-test";
		};
		AC462EC521A7F3630002E430 /* articleUITests */ = {
			isa = PBXNativeTarget;
			buildConfigurationList = AC462ED521A7F3630002E430 /* Build configuration list for PBXNativeTarget "articleUITests" */;
			buildPhases = (
				AC462EC221A7F3630002E430 /* Sources */,
				AC462EC321A7F3630002E430 /* Frameworks */,
				AC462EC421A7F3630002E430 /* Resources */,
			);
			buildRules = (
			);
			dependencies = (
				AC462EC821A7F3630002E430 /* PBXTargetDependency */,
			);
			name = articleUITests;
			productName = articleUITests;
			productReference = AC462EC621A7F3630002E430 /* articleUITests.xctest */;
			productType = "com.apple.product-type.bundle.ui-testing";
		};
/* End PBXNativeTarget section */

/* Begin PBXProject section */
		AC462E9F21A7F3610002E430 /* Project object */ = {
			isa = PBXProject;
			attributes = {
				LastSwiftUpdateCheck = 0940;
				LastUpgradeCheck = 0940;
				ORGANIZATIONNAME = "Utilisateur invité";
				TargetAttributes = {
					AC462EA621A7F3610002E430 = {
						CreatedOnToolsVersion = 9.4.1;
					};
					AC462EBA21A7F3630002E430 = {
						CreatedOnToolsVersion = 9.4.1;
						TestTargetID = AC462EA621A7F3610002E430;
					};
					AC462EC521A7F3630002E430 = {
						CreatedOnToolsVersion = 9.4.1;
						TestTargetID = AC462EA621A7F3610002E430;
					};
				};
			};
			buildConfigurationList = AC462EA221A7F3610002E430 /* Build configuration list for PBXProject "article" */;
			compatibilityVersion = "Xcode 9.3";
			developmentRegion = en;
			hasScannedForEncodings = 0;
			knownRegions = (
				en,
				Base,
			);
			mainGroup = AC462E9E21A7F3610002E430;
			productRefGroup = AC462EA821A7F3610002E430 /* Products */;
			projectDirPath = "";
			projectRoot = "";
			targets = (
				AC462EA621A7F3610002E430 /* article */,
				AC462EBA21A7F3630002E430 /* articleTests */,
				AC462EC521A7F3630002E430 /* articleUITests */,
			);
		};
/* End PBXProject section */

/* Begin PBXResourcesBuildPhase section */
		AC462EA521A7F3610002E430 /* Resources */ = {
			isa = PBXResourcesBuildPhase;
			buildActionMask = 2147483647;
			files = (
				AC462EDB21A825A40002E430 /* promo-ferrari-488-spider.jpg in Resources */,
				AC462ED921A7FF240002E430 /* Unknown.jpeg in Resources */,
				AC462EE121A826870002E430 /* promo-ferrari-488-spider.jpg in Resources */,
				AC462EB521A7F3630002E430 /* LaunchScreen.storyboard in Resources */,
				AC462EB221A7F3630002E430 /* Assets.xcassets in Resources */,
				AC462EB021A7F3610002E430 /* Main.storyboard in Resources */,
				AC462EDF21A8266F0002E430 /* Unknown.jpeg in Resources */,
			);
			runOnlyForDeploymentPostprocessing = 0;
		};
		AC462EB921A7F3630002E430 /* Resources */ = {
			isa = PBXResourcesBuildPhase;
			buildActionMask = 2147483647;
			files = (
			);
			runOnlyForDeploymentPostprocessing = 0;
		};
		AC462EC421A7F3630002E430 /* Resources */ = {
			isa = PBXResourcesBuildPhase;
			buildActionMask = 2147483647;
			files = (
			);
			runOnlyForDeploymentPostprocessing = 0;
		};
/* End PBXResourcesBuildPhase section */

/* Begin PBXSourcesBuildPhase section */
		AC462EA321A7F3610002E430 /* Sources */ = {
			isa = PBXSourcesBuildPhase;
			buildActionMask = 2147483647;
			files = (
				AC462EAD21A7F3610002E430 /* ViewController.swift in Sources */,
				AC462EAB21A7F3610002E430 /* AppDelegate.swift in Sources */,
			);
			runOnlyForDeploymentPostprocessing = 0;
		};
		AC462EB721A7F3630002E430 /* Sources */ = {
			isa = PBXSourcesBuildPhase;
			buildActionMask = 2147483647;
			files = (
				AC462EC021A7F3630002E430 /* articleTests.swift in Sources */,
			);
			runOnlyForDeploymentPostprocessing = 0;
		};
		AC462EC221A7F3630002E430 /* Sources */ = {
			isa = PBXSourcesBuildPhase;
			buildActionMask = 2147483647;
			files = (
				AC462ECB21A7F3630002E430 /* articleUITests.swift in Sources */,
			);
			runOnlyForDeploymentPostprocessing = 0;
		};
/* End PBXSourcesBuildPhase section */

/* Begin PBXTargetDependency section */
		AC462EBD21A7F3630002E430 /* PBXTargetDependency */ = {
			isa = PBXTargetDependency;
			target = AC462EA621A7F3610002E430 /* article */;
			targetProxy = AC462EBC21A7F3630002E430 /* PBXContainerItemProxy */;
		};
		AC462EC821A7F3630002E430 /* PBXTargetDependency */ = {
			isa = PBXTargetDependency;
			target = AC462EA621A7F3610002E430 /* article */;
			targetProxy = AC462EC721A7F3630002E430 /* PBXContainerItemProxy */;
		};
/* End PBXTargetDependency section */

/* Begin PBXVariantGroup section */
		AC462EAE21A7F3610002E430 /* Main.storyboard */ = {
			isa = PBXVariantGroup;
			children = (
				AC462EAF21A7F3610002E430 /* Base */,
			);
			name = Main.storyboard;
			sourceTree = "<group>";
		};
		AC462EB321A7F3630002E430 /* LaunchScreen.storyboard */ = {
			isa = PBXVariantGroup;
			children = (
				AC462EB421A7F3630002E430 /* Base */,
			);
			name = LaunchScreen.storyboard;
			sourceTree = "<group>";
		};
/* End PBXVariantGroup section */

/* Begin XCBuildConfiguration section */
		AC462ECD21A7F3630002E430 /* Debug */ = {
			isa = XCBuildConfiguration;
			buildSettings = {
				ALWAYS_SEARCH_USER_PATHS = NO;
				CLANG_ANALYZER_NONNULL = YES;
				CLANG_ANALYZER_NUMBER_OBJECT_CONVERSION = YES_AGGRESSIVE;
				CLANG_CXX_LANGUAGE_STANDARD = "gnu++14";
				CLANG_CXX_LIBRARY = "libc++";
				CLANG_ENABLE_MODULES = YES;
				CLANG_ENABLE_OBJC_ARC = YES;
				CLANG_ENABLE_OBJC_WEAK = YES;
				CLANG_WARN_BLOCK_CAPTURE_AUTORELEASING = YES;
				CLANG_WARN_BOOL_CONVERSION = YES;
				CLANG_WARN_COMMA = YES;
				CLANG_WARN_CONSTANT_CONVERSION = YES;
				CLANG_WARN_DEPRECATED_OBJC_IMPLEMENTATIONS = YES;
				CLANG_WARN_DIRECT_OBJC_ISA_USAGE = YES_ERROR;
				CLANG_WARN_DOCUMENTATION_COMMENTS = YES;
				CLANG_WARN_EMPTY_BODY = YES;
				CLANG_WARN_ENUM_CONVERSION = YES;
				CLANG_WARN_INFINITE_RECURSION = YES;
				CLANG_WARN_INT_CONVERSION = YES;
				CLANG_WARN_NON_LITERAL_NULL_CONVERSION = YES;
				CLANG_WARN_OBJC_IMPLICIT_RETAIN_SELF = YES;
				CLANG_WARN_OBJC_LITERAL_CONVERSION = YES;
				CLANG_WARN_OBJC_ROOT_CLASS = YES_ERROR;
				CLANG_WARN_RANGE_LOOP_ANALYSIS = YES;
				CLANG_WARN_STRICT_PROTOTYPES = YES;
				CLANG_WARN_SUSPICIOUS_MOVE = YES;
				CLANG_WARN_UNGUARDED_AVAILABILITY = YES_AGGRESSIVE;
				CLANG_WARN_UNREACHABLE_CODE = YES;
				CLANG_WARN__DUPLICATE_METHOD_MATCH = YES;
				CODE_SIGN_IDENTITY = "iPhone Developer";
				COPY_PHASE_STRIP = NO;
				DEBUG_INFORMATION_FORMAT = dwarf;
				ENABLE_STRICT_OBJC_MSGSEND = YES;
				ENABLE_TESTABILITY = YES;
				GCC_C_LANGUAGE_STANDARD = gnu11;
				GCC_DYNAMIC_NO_PIC = NO;
				GCC_NO_COMMON_BLOCKS = YES;
				GCC_OPTIMIZATION_LEVEL = 0;
				GCC_PREPROCESSOR_DEFINITIONS = (
					"DEBUG=1",
					"$(inherited)",
				);
				GCC_WARN_64_TO_32_BIT_CONVERSION = YES;
				GCC_WARN_ABOUT_RETURN_TYPE = YES_ERROR;
				GCC_WARN_UNDECLARED_SELECTOR = YES;
				GCC_WARN_UNINITIALIZED_AUTOS = YES_AGGRESSIVE;
				GCC_WARN_UNUSED_FUNCTION = YES;
				GCC_WARN_UNUSED_VARIABLE = YES;
				IPHONEOS_DEPLOYMENT_TARGET = 11.4;
				MTL_ENABLE_DEBUG_INFO = YES;
				ONLY_ACTIVE_ARCH = YES;
				SDKROOT = iphoneos;
				SWIFT_ACTIVE_COMPILATION_CONDITIONS = DEBUG;
				SWIFT_OPTIMIZATION_LEVEL = "-Onone";
			};
			name = Debug;
		};
		AC462ECE21A7F3630002E430 /* Release */ = {
			isa = XCBuildConfiguration;
			buildSettings = {
				ALWAYS_SEARCH_USER_PATHS = NO;
				CLANG_ANALYZER_NONNULL = YES;
				CLANG_ANALYZER_NUMBER_OBJECT_CONVERSION = YES_AGGRESSIVE;
				CLANG_CXX_LANGUAGE_STANDARD = "gnu++14";
				CLANG_CXX_LIBRARY = "libc++";
				CLANG_ENABLE_MODULES = YES;
				CLANG_ENABLE_OBJC_ARC = YES;
				CLANG_ENABLE_OBJC_WEAK = YES;
				CLANG_WARN_BLOCK_CAPTURE_AUTORELEASING = YES;
				CLANG_WARN_BOOL_CONVERSION = YES;
				CLANG_WARN_COMMA = YES;
				CLANG_WARN_CONSTANT_CONVERSION = YES;
				CLANG_WARN_DEPRECATED_OBJC_IMPLEMENTATIONS = YES;
				CLANG_WARN_DIRECT_OBJC_ISA_USAGE = YES_ERROR;
				CLANG_WARN_DOCUMENTATION_COMMENTS = YES;
				CLANG_WARN_EMPTY_BODY = YES;
				CLANG_WARN_ENUM_CONVERSION = YES;
				CLANG_WARN_INFINITE_RECURSION = YES;
				CLANG_WARN_INT_CONVERSION = YES;
				CLANG_WARN_NON_LITERAL_NULL_CONVERSION = YES;
				CLANG_WARN_OBJC_IMPLICIT_RETAIN_SELF = YES;
				CLANG_WARN_OBJC_LITERAL_CONVERSION = YES;
				CLANG_WARN_OBJC_ROOT_CLASS = YES_ERROR;
				CLANG_WARN_RANGE_LOOP_ANALYSIS = YES;
				CLANG_WARN_STRICT_PROTOTYPES = YES;
				CLANG_WARN_SUSPICIOUS_MOVE = YES;
				CLANG_WARN_UNGUARDED_AVAILABILITY = YES_AGGRESSIVE;
				CLANG_WARN_UNREACHABLE_CODE = YES;
				CLANG_WARN__DUPLICATE_METHOD_MATCH = YES;
				CODE_SIGN_IDENTITY = "iPhone Developer";
				COPY_PHASE_STRIP = NO;
				DEBUG_INFORMATION_FORMAT = "dwarf-with-dsym";
				ENABLE_NS_ASSERTIONS = NO;
				ENABLE_STRICT_OBJC_MSGSEND = YES;
				GCC_C_LANGUAGE_STANDARD = gnu11;
				GCC_NO_COMMON_BLOCKS = YES;
				GCC_WARN_64_TO_32_BIT_CONVERSION = YES;
				GCC_WARN_ABOUT_RETURN_TYPE = YES_ERROR;
				GCC_WARN_UNDECLARED_SELECTOR = YES;
				GCC_WARN_UNINITIALIZED_AUTOS = YES_AGGRESSIVE;
				GCC_WARN_UNUSED_FUNCTION = YES;
				GCC_WARN_UNUSED_VARIABLE = YES;
				IPHONEOS_DEPLOYMENT_TARGET = 11.4;
				MTL_ENABLE_DEBUG_INFO = NO;
				SDKROOT = iphoneos;
				SWIFT_COMPILATION_MODE = wholemodule;
				SWIFT_OPTIMIZATION_LEVEL = "-O";
				VALIDATE_PRODUCT = YES;
			};
			name = Release;
		};
		AC462ED021A7F3630002E430 /* Debug */ = {
			isa = XCBuildConfiguration;
			buildSettings = {
				ASSETCATALOG_COMPILER_APPICON_NAME = AppIcon;
				CODE_SIGN_STYLE = Automatic;
				INFOPLIST_FILE = article/Info.plist;
				LD_RUNPATH_SEARCH_PATHS = (
					"$(inherited)",
					"@executable_path/Frameworks",
				);
				PRODUCT_BUNDLE_IDENTIFIER = EEMI.article;
				PRODUCT_NAME = "$(TARGET_NAME)";
				SWIFT_VERSION = 4.0;
				TARGETED_DEVICE_FAMILY = "1,2";
			};
			name = Debug;
		};
		AC462ED121A7F3630002E430 /* Release */ = {
			isa = XCBuildConfiguration;
			buildSettings = {
				ASSETCATALOG_COMPILER_APPICON_NAME = AppIcon;
				CODE_SIGN_STYLE = Automatic;
				INFOPLIST_FILE = article/Info.plist;
				LD_RUNPATH_SEARCH_PATHS = (
					"$(inherited)",
					"@executable_path/Frameworks",
				);
				PRODUCT_BUNDLE_IDENTIFIER = EEMI.article;
				PRODUCT_NAME = "$(TARGET_NAME)";
				SWIFT_VERSION = 4.0;
				TARGETED_DEVICE_FAMILY = "1,2";
			};
			name = Release;
		};
		AC462ED321A7F3630002E430 /* Debug */ = {
			isa = XCBuildConfiguration;
			buildSettings = {
				ALWAYS_EMBED_SWIFT_STANDARD_LIBRARIES = YES;
				BUNDLE_LOADER = "$(TEST_HOST)";
				CODE_SIGN_STYLE = Automatic;
				INFOPLIST_FILE = articleTests/Info.plist;
				LD_RUNPATH_SEARCH_PATHS = (
					"$(inherited)",
					"@executable_path/Frameworks",
					"@loader_path/Frameworks",
				);
				PRODUCT_BUNDLE_IDENTIFIER = EEMI.articleTests;
				PRODUCT_NAME = "$(TARGET_NAME)";
				SWIFT_VERSION = 4.0;
				TARGETED_DEVICE_FAMILY = "1,2";
				TEST_HOST = "$(BUILT_PRODUCTS_DIR)/article.app/article";
			};
			name = Debug;
		};
		AC462ED421A7F3630002E430 /* Release */ = {
			isa = XCBuildConfiguration;
			buildSettings = {
				ALWAYS_EMBED_SWIFT_STANDARD_LIBRARIES = YES;
				BUNDLE_LOADER = "$(TEST_HOST)";
				CODE_SIGN_STYLE = Automatic;
				INFOPLIST_FILE = articleTests/Info.plist;
				LD_RUNPATH_SEARCH_PATHS = (
					"$(inherited)",
					"@executable_path/Frameworks",
					"@loader_path/Frameworks",
				);
				PRODUCT_BUNDLE_IDENTIFIER = EEMI.articleTests;
				PRODUCT_NAME = "$(TARGET_NAME)";
				SWIFT_VERSION = 4.0;
				TARGETED_DEVICE_FAMILY = "1,2";
				TEST_HOST = "$(BUILT_PRODUCTS_DIR)/article.app/article";
			};
			name = Release;
		};
		AC462ED621A7F3630002E430 /* Debug */ = {
			isa = XCBuildConfiguration;
			buildSettings = {
				ALWAYS_EMBED_SWIFT_STANDARD_LIBRARIES = YES;
				CODE_SIGN_STYLE = Automatic;
				INFOPLIST_FILE = articleUITests/Info.plist;
				LD_RUNPATH_SEARCH_PATHS = (
					"$(inherited)",
					"@executable_path/Frameworks",
					"@loader_path/Frameworks",
				);
				PRODUCT_BUNDLE_IDENTIFIER = EEMI.articleUITests;
				PRODUCT_NAME = "$(TARGET_NAME)";
				SWIFT_VERSION = 4.0;
				TARGETED_DEVICE_FAMILY = "1,2";
				TEST_TARGET_NAME = article;
			};
			name = Debug;
		};
		AC462ED721A7F3630002E430 /* Release */ = {
			isa = XCBuildConfiguration;
			buildSettings = {
				ALWAYS_EMBED_SWIFT_STANDARD_LIBRARIES = YES;
				CODE_SIGN_STYLE = Automatic;
				INFOPLIST_FILE = articleUITests/Info.plist;
				LD_RUNPATH_SEARCH_PATHS = (
					"$(inherited)",
					"@executable_path/Frameworks",
					"@loader_path/Frameworks",
				);
				PRODUCT_BUNDLE_IDENTIFIER = EEMI.articleUITests;
				PRODUCT_NAME = "$(TARGET_NAME)";
				SWIFT_VERSION = 4.0;
				TARGETED_DEVICE_FAMILY = "1,2";
				TEST_TARGET_NAME = article;
			};
			name = Release;
		};
/* End XCBuildConfiguration section */

/* Begin XCConfigurationList section */
		AC462EA221A7F3610002E430 /* Build configuration list for PBXProject "article" */ = {
			isa = XCConfigurationList;
			buildConfigurations = (
				AC462ECD21A7F3630002E430 /* Debug */,
				AC462ECE21A7F3630002E430 /* Release */,
			);
			defaultConfigurationIsVisible = 0;
			defaultConfigurationName = Release;
		};
		AC462ECF21A7F3630002E430 /* Build configuration list for PBXNativeTarget "article" */ = {
			isa = XCConfigurationList;
			buildConfigurations = (
				AC462ED021A7F3630002E430 /* Debug */,
				AC462ED121A7F3630002E430 /* Release */,
			);
			defaultConfigurationIsVisible = 0;
			defaultConfigurationName = Release;
		};
		AC462ED221A7F3630002E430 /* Build configuration list for PBXNativeTarget "articleTests" */ = {
			isa = XCConfigurationList;
			buildConfigurations = (
				AC462ED321A7F3630002E430 /* Debug */,
				AC462ED421A7F3630002E430 /* Release */,
			);
			defaultConfigurationIsVisible = 0;
			defaultConfigurationName = Release;
		};
		AC462ED521A7F3630002E430 /* Build configuration list for PBXNativeTarget "articleUITests" */ = {
			isa = XCConfigurationList;
			buildConfigurations = (
				AC462ED621A7F3630002E430 /* Debug */,
				AC462ED721A7F3630002E430 /* Release */,
			);
			defaultConfigurationIsVisible = 0;
			defaultConfigurationName = Release;
		};
/* End XCConfigurationList section */
	};
	rootObject = AC462E9F21A7F3610002E430 /* Project object */;
}
